// !$*UTF8*$!
{
	archiveVersion = 1;
	classes = {
	};
	objectVersion = 56;
	objects = {

/* Begin PBXBuildFile section */
		DE0A2ECE2BCCAD9F0052650C /* DailyView.swift in Sources */ = {isa = PBXBuildFile; fileRef = DE0A2ECD2BCCAD9F0052650C /* DailyView.swift */; };
		DE597DA32BC6C2B5002DFB11 /* nano_1App.swift in Sources */ = {isa = PBXBuildFile; fileRef = DE597DA22BC6C2B5002DFB11 /* nano_1App.swift */; };
		DE597DA52BC6C2B5002DFB11 /* ContentView.swift in Sources */ = {isa = PBXBuildFile; fileRef = DE597DA42BC6C2B5002DFB11 /* ContentView.swift */; };
		DE597DA72BC6C2B5002DFB11 /* Assets.xcassets in Resources */ = {isa = PBXBuildFile; fileRef = DE597DA62BC6C2B5002DFB11 /* Assets.xcassets */; };
		DE597DAA2BC6C2B5002DFB11 /* Preview Assets.xcassets in Resources */ = {isa = PBXBuildFile; fileRef = DE597DA92BC6C2B5002DFB11 /* Preview Assets.xcassets */; };
		DE597DB42BC6C2B6002DFB11 /* nano_1Tests.swift in Sources */ = {isa = PBXBuildFile; fileRef = DE597DB32BC6C2B6002DFB11 /* nano_1Tests.swift */; };
		DE597DBE2BC6C2B6002DFB11 /* nano_1UITests.swift in Sources */ = {isa = PBXBuildFile; fileRef = DE597DBD2BC6C2B6002DFB11 /* nano_1UITests.swift */; };
		DE597DC02BC6C2B6002DFB11 /* nano_1UITestsLaunchTests.swift in Sources */ = {isa = PBXBuildFile; fileRef = DE597DBF2BC6C2B6002DFB11 /* nano_1UITestsLaunchTests.swift */; };
		DE597DCD2BC6C2C6002DFB11 /* CalenderView.swift in Sources */ = {isa = PBXBuildFile; fileRef = DE597DCC2BC6C2C6002DFB11 /* CalenderView.swift */; };
		DE597DCF2BC6E0B9002DFB11 /* InputView.swift in Sources */ = {isa = PBXBuildFile; fileRef = DE597DCE2BC6E0B9002DFB11 /* InputView.swift */; };
		DE5ACE5F2BCD0CF9008F3670 /* InputData.swift in Sources */ = {isa = PBXBuildFile; fileRef = DE5ACE5E2BCD0CF9008F3670 /* InputData.swift */; };
		DE7D0BE62BCAB76200A13FBF /* ImagePicker.swift in Sources */ = {isa = PBXBuildFile; fileRef = DE7D0BE52BCAB76200A13FBF /* ImagePicker.swift */; };
		DE85CF452BCE032B00879A8C /* File.swift in Sources */ = {isa = PBXBuildFile; fileRef = DE85CF442BCE032B00879A8C /* File.swift */; };
		DE9BBC192BD0C78A00C20C49 /* MCEmojiPicker in Frameworks */ = {isa = PBXBuildFile; productRef = DE9BBC182BD0C78A00C20C49 /* MCEmojiPicker */; };
		DEBB55B22BD1245E001B31B9 /* EmojiDraw.swift in Sources */ = {isa = PBXBuildFile; fileRef = DEBB55B12BD1245E001B31B9 /* EmojiDraw.swift */; };
		DEBB55D42BD19CAD001B31B9 /* e.swift in Sources */ = {isa = PBXBuildFile; fileRef = DEBB55D32BD19CAD001B31B9 /* e.swift */; };
/* End PBXBuildFile section */

/* Begin PBXContainerItemProxy section */
		DE597DB02BC6C2B6002DFB11 /* PBXContainerItemProxy */ = {
			isa = PBXContainerItemProxy;
			containerPortal = DE597D972BC6C2B4002DFB11 /* Project object */;
			proxyType = 1;
			remoteGlobalIDString = DE597D9E2BC6C2B5002DFB11;
			remoteInfo = nano_1;
		};
		DE597DBA2BC6C2B6002DFB11 /* PBXContainerItemProxy */ = {
			isa = PBXContainerItemProxy;
			containerPortal = DE597D972BC6C2B4002DFB11 /* Project object */;
			proxyType = 1;
			remoteGlobalIDString = DE597D9E2BC6C2B5002DFB11;
			remoteInfo = nano_1;
		};
/* End PBXContainerItemProxy section */

/* Begin PBXFileReference section */
		DE0A2ECD2BCCAD9F0052650C /* DailyView.swift */ = {isa = PBXFileReference; lastKnownFileType = sourcecode.swift; path = DailyView.swift; sourceTree = "<group>"; };
		DE597D9F2BC6C2B5002DFB11 /* nano_1.app */ = {isa = PBXFileReference; explicitFileType = wrapper.application; includeInIndex = 0; path = nano_1.app; sourceTree = BUILT_PRODUCTS_DIR; };
		DE597DA22BC6C2B5002DFB11 /* nano_1App.swift */ = {isa = PBXFileReference; lastKnownFileType = sourcecode.swift; path = nano_1App.swift; sourceTree = "<group>"; };
		DE597DA42BC6C2B5002DFB11 /* ContentView.swift */ = {isa = PBXFileReference; lastKnownFileType = sourcecode.swift; path = ContentView.swift; sourceTree = "<group>"; };
		DE597DA62BC6C2B5002DFB11 /* Assets.xcassets */ = {isa = PBXFileReference; lastKnownFileType = folder.assetcatalog; path = Assets.xcassets; sourceTree = "<group>"; };
		DE597DA92BC6C2B5002DFB11 /* Preview Assets.xcassets */ = {isa = PBXFileReference; lastKnownFileType = folder.assetcatalog; path = "Preview Assets.xcassets"; sourceTree = "<group>"; };
		DE597DAF2BC6C2B6002DFB11 /* nano_1Tests.xctest */ = {isa = PBXFileReference; explicitFileType = wrapper.cfbundle; includeInIndex = 0; path = nano_1Tests.xctest; sourceTree = BUILT_PRODUCTS_DIR; };
		DE597DB32BC6C2B6002DFB11 /* nano_1Tests.swift */ = {isa = PBXFileReference; lastKnownFileType = sourcecode.swift; path = nano_1Tests.swift; sourceTree = "<group>"; };
		DE597DB92BC6C2B6002DFB11 /* nano_1UITests.xctest */ = {isa = PBXFileReference; explicitFileType = wrapper.cfbundle; includeInIndex = 0; path = nano_1UITests.xctest; sourceTree = BUILT_PRODUCTS_DIR; };
		DE597DBD2BC6C2B6002DFB11 /* nano_1UITests.swift */ = {isa = PBXFileReference; lastKnownFileType = sourcecode.swift; path = nano_1UITests.swift; sourceTree = "<group>"; };
		DE597DBF2BC6C2B6002DFB11 /* nano_1UITestsLaunchTests.swift */ = {isa = PBXFileReference; lastKnownFileType = sourcecode.swift; path = nano_1UITestsLaunchTests.swift; sourceTree = "<group>"; };
		DE597DCC2BC6C2C6002DFB11 /* CalenderView.swift */ = {isa = PBXFileReference; lastKnownFileType = sourcecode.swift; path = CalenderView.swift; sourceTree = "<group>"; };
		DE597DCE2BC6E0B9002DFB11 /* InputView.swift */ = {isa = PBXFileReference; lastKnownFileType = sourcecode.swift; path = InputView.swift; sourceTree = "<group>"; };
		DE5ACE5E2BCD0CF9008F3670 /* InputData.swift */ = {isa = PBXFileReference; lastKnownFileType = sourcecode.swift; path = InputData.swift; sourceTree = "<group>"; };
		DE7D0BE52BCAB76200A13FBF /* ImagePicker.swift */ = {isa = PBXFileReference; lastKnownFileType = sourcecode.swift; path = ImagePicker.swift; sourceTree = "<group>"; };
		DE85CF442BCE032B00879A8C /* File.swift */ = {isa = PBXFileReference; lastKnownFileType = sourcecode.swift; path = File.swift; sourceTree = "<group>"; };
		DEBB55B12BD1245E001B31B9 /* EmojiDraw.swift */ = {isa = PBXFileReference; lastKnownFileType = sourcecode.swift; path = EmojiDraw.swift; sourceTree = "<group>"; };
		DEBB55D32BD19CAD001B31B9 /* e.swift */ = {isa = PBXFileReference; lastKnownFileType = sourcecode.swift; path = e.swift; sourceTree = "<group>"; };
/* End PBXFileReference section */

/* Begin PBXFrameworksBuildPhase section */
		DE597D9C2BC6C2B5002DFB11 /* Frameworks */ = {
			isa = PBXFrameworksBuildPhase;
			buildActionMask = 2147483647;
			files = (
				DE9BBC192BD0C78A00C20C49 /* MCEmojiPicker in Frameworks */,
			);
			runOnlyForDeploymentPostprocessing = 0;
		};
		DE597DAC2BC6C2B6002DFB11 /* Frameworks */ = {
			isa = PBXFrameworksBuildPhase;
			buildActionMask = 2147483647;
			files = (
			);
			runOnlyForDeploymentPostprocessing = 0;
		};
		DE597DB62BC6C2B6002DFB11 /* Frameworks */ = {
			isa = PBXFrameworksBuildPhase;
			buildActionMask = 2147483647;
			files = (
			);
			runOnlyForDeploymentPostprocessing = 0;
		};
/* End PBXFrameworksBuildPhase section */

/* Begin PBXGroup section */
		DE597D962BC6C2B4002DFB11 = {
			isa = PBXGroup;
			children = (
				DE597DA12BC6C2B5002DFB11 /* nano_1 */,
				DE597DBC2BC6C2B6002DFB11 /* nano_1UITests */,
				DE597DA02BC6C2B5002DFB11 /* Products */,
			);
			sourceTree = "<group>";
		};
		DE597DA02BC6C2B5002DFB11 /* Products */ = {
			isa = PBXGroup;
			children = (
				DE597D9F2BC6C2B5002DFB11 /* nano_1.app */,
				DE597DAF2BC6C2B6002DFB11 /* nano_1Tests.xctest */,
				DE597DB92BC6C2B6002DFB11 /* nano_1UITests.xctest */,
			);
			name = Products;
			sourceTree = "<group>";
		};
		DE597DA12BC6C2B5002DFB11 /* nano_1 */ = {
			isa = PBXGroup;
			children = (
				DE597DA82BC6C2B5002DFB11 /* Preview Content */,
				DE597DA62BC6C2B5002DFB11 /* Assets.xcassets */,
				DE597DA22BC6C2B5002DFB11 /* nano_1App.swift */,
				DE597DCC2BC6C2C6002DFB11 /* CalenderView.swift */,
				DE597DCE2BC6E0B9002DFB11 /* InputView.swift */,
				DE0A2ECD2BCCAD9F0052650C /* DailyView.swift */,
				DE7D0BE52BCAB76200A13FBF /* ImagePicker.swift */,
				DE597DA42BC6C2B5002DFB11 /* ContentView.swift */,
				DE5ACE5E2BCD0CF9008F3670 /* InputData.swift */,
				DEBB55B12BD1245E001B31B9 /* EmojiDraw.swift */,
				DE597DB22BC6C2B6002DFB11 /* nano_1Tests */,
				DE85CF442BCE032B00879A8C /* File.swift */,
				DEBB55D32BD19CAD001B31B9 /* e.swift */,
			);
			path = nano_1;
			sourceTree = "<group>";
		};
		DE597DA82BC6C2B5002DFB11 /* Preview Content */ = {
			isa = PBXGroup;
			children = (
				DE597DA92BC6C2B5002DFB11 /* Preview Assets.xcassets */,
			);
			path = "Preview Content";
			sourceTree = "<group>";
		};
		DE597DB22BC6C2B6002DFB11 /* nano_1Tests */ = {
			isa = PBXGroup;
			children = (
				DE597DB32BC6C2B6002DFB11 /* nano_1Tests.swift */,
			);
			path = nano_1Tests;
			sourceTree = "<group>";
		};
		DE597DBC2BC6C2B6002DFB11 /* nano_1UITests */ = {
			isa = PBXGroup;
			children = (
				DE597DBD2BC6C2B6002DFB11 /* nano_1UITests.swift */,
				DE597DBF2BC6C2B6002DFB11 /* nano_1UITestsLaunchTests.swift */,
			);
			path = nano_1UITests;
			sourceTree = "<group>";
		};
/* End PBXGroup section */

/* Begin PBXNativeTarget section */
		DE597D9E2BC6C2B5002DFB11 /* nano_1 */ = {
			isa = PBXNativeTarget;
			buildConfigurationList = DE597DC32BC6C2B6002DFB11 /* Build configuration list for PBXNativeTarget "nano_1" */;
			buildPhases = (
				DE597D9B2BC6C2B5002DFB11 /* Sources */,
				DE597D9C2BC6C2B5002DFB11 /* Frameworks */,
				DE597D9D2BC6C2B5002DFB11 /* Resources */,
			);
			buildRules = (
			);
			dependencies = (
			);
			name = nano_1;
			packageProductDependencies = (
				DE9BBC182BD0C78A00C20C49 /* MCEmojiPicker */,
			);
			productName = nano_1;
			productReference = DE597D9F2BC6C2B5002DFB11 /* nano_1.app */;
			productType = "com.apple.product-type.application";
		};
		DE597DAE2BC6C2B6002DFB11 /* nano_1Tests */ = {
			isa = PBXNativeTarget;
			buildConfigurationList = DE597DC62BC6C2B6002DFB11 /* Build configuration list for PBXNativeTarget "nano_1Tests" */;
			buildPhases = (
				DE597DAB2BC6C2B6002DFB11 /* Sources */,
				DE597DAC2BC6C2B6002DFB11 /* Frameworks */,
				DE597DAD2BC6C2B6002DFB11 /* Resources */,
			);
			buildRules = (
			);
			dependencies = (
				DE597DB12BC6C2B6002DFB11 /* PBXTargetDependency */,
			);
			name = nano_1Tests;
			productName = nano_1Tests;
			productReference = DE597DAF2BC6C2B6002DFB11 /* nano_1Tests.xctest */;
			productType = "com.apple.product-type.bundle.unit-test";
		};
		DE597DB82BC6C2B6002DFB11 /* nano_1UITests */ = {
			isa = PBXNativeTarget;
			buildConfigurationList = DE597DC92BC6C2B6002DFB11 /* Build configuration list for PBXNativeTarget "nano_1UITests" */;
			buildPhases = (
				DE597DB52BC6C2B6002DFB11 /* Sources */,
				DE597DB62BC6C2B6002DFB11 /* Frameworks */,
				DE597DB72BC6C2B6002DFB11 /* Resources */,
			);
			buildRules = (
			);
			dependencies = (
				DE597DBB2BC6C2B6002DFB11 /* PBXTargetDependency */,
			);
			name = nano_1UITests;
			productName = nano_1UITests;
			productReference = DE597DB92BC6C2B6002DFB11 /* nano_1UITests.xctest */;
			productType = "com.apple.product-type.bundle.ui-testing";
		};
/* End PBXNativeTarget section */

/* Begin PBXProject section */
		DE597D972BC6C2B4002DFB11 /* Project object */ = {
			isa = PBXProject;
			attributes = {
				BuildIndependentTargetsInParallel = 1;
				LastSwiftUpdateCheck = 1530;
				LastUpgradeCheck = 1530;
				TargetAttributes = {
					DE597D9E2BC6C2B5002DFB11 = {
						CreatedOnToolsVersion = 15.3;
					};
					DE597DAE2BC6C2B6002DFB11 = {
						CreatedOnToolsVersion = 15.3;
						TestTargetID = DE597D9E2BC6C2B5002DFB11;
					};
					DE597DB82BC6C2B6002DFB11 = {
						CreatedOnToolsVersion = 15.3;
						TestTargetID = DE597D9E2BC6C2B5002DFB11;
					};
				};
			};
			buildConfigurationList = DE597D9A2BC6C2B4002DFB11 /* Build configuration list for PBXProject "nano_1" */;
			compatibilityVersion = "Xcode 14.0";
			developmentRegion = en;
			hasScannedForEncodings = 0;
			knownRegions = (
				en,
				Base,
			);
			mainGroup = DE597D962BC6C2B4002DFB11;
			packageReferences = (
				DE9BBC172BD0C78A00C20C49 /* XCRemoteSwiftPackageReference "MCEmojiPicker" */,
			);
			productRefGroup = DE597DA02BC6C2B5002DFB11 /* Products */;
			projectDirPath = "";
			projectRoot = "";
			targets = (
				DE597D9E2BC6C2B5002DFB11 /* nano_1 */,
				DE597DAE2BC6C2B6002DFB11 /* nano_1Tests */,
				DE597DB82BC6C2B6002DFB11 /* nano_1UITests */,
			);
		};
/* End PBXProject section */

/* Begin PBXResourcesBuildPhase section */
		DE597D9D2BC6C2B5002DFB11 /* Resources */ = {
			isa = PBXResourcesBuildPhase;
			buildActionMask = 2147483647;
			files = (
				DE597DAA2BC6C2B5002DFB11 /* Preview Assets.xcassets in Resources */,
				DE597DA72BC6C2B5002DFB11 /* Assets.xcassets in Resources */,
			);
			runOnlyForDeploymentPostprocessing = 0;
		};
		DE597DAD2BC6C2B6002DFB11 /* Resources */ = {
			isa = PBXResourcesBuildPhase;
			buildActionMask = 2147483647;
			files = (
			);
			runOnlyForDeploymentPostprocessing = 0;
		};
		DE597DB72BC6C2B6002DFB11 /* Resources */ = {
			isa = PBXResourcesBuildPhase;
			buildActionMask = 2147483647;
			files = (
			);
			runOnlyForDeploymentPostprocessing = 0;
		};
/* End PBXResourcesBuildPhase section */

/* Begin PBXSourcesBuildPhase section */
		DE597D9B2BC6C2B5002DFB11 /* Sources */ = {
			isa = PBXSourcesBuildPhase;
			buildActionMask = 2147483647;
			files = (
				DE5ACE5F2BCD0CF9008F3670 /* InputData.swift in Sources */,
				DE0A2ECE2BCCAD9F0052650C /* DailyView.swift in Sources */,
				DE597DA52BC6C2B5002DFB11 /* ContentView.swift in Sources */,
				DEBB55B22BD1245E001B31B9 /* EmojiDraw.swift in Sources */,
				DE597DCF2BC6E0B9002DFB11 /* InputView.swift in Sources */,
				DE7D0BE62BCAB76200A13FBF /* ImagePicker.swift in Sources */,
				DE85CF452BCE032B00879A8C /* File.swift in Sources */,
				DEBB55D42BD19CAD001B31B9 /* e.swift in Sources */,
				DE597DA32BC6C2B5002DFB11 /* nano_1App.swift in Sources */,
				DE597DCD2BC6C2C6002DFB11 /* CalenderView.swift in Sources */,
			);
			runOnlyForDeploymentPostprocessing = 0;
		};
		DE597DAB2BC6C2B6002DFB11 /* Sources */ = {
			isa = PBXSourcesBuildPhase;
			buildActionMask = 2147483647;
			files = (
				DE597DB42BC6C2B6002DFB11 /* nano_1Tests.swift in Sources */,
			);
			runOnlyForDeploymentPostprocessing = 0;
		};
		DE597DB52BC6C2B6002DFB11 /* Sources */ = {
			isa = PBXSourcesBuildPhase;
			buildActionMask = 2147483647;
			files = (
				DE597DC02BC6C2B6002DFB11 /* nano_1UITestsLaunchTests.swift in Sources */,
				DE597DBE2BC6C2B6002DFB11 /* nano_1UITests.swift in Sources */,
			);
			runOnlyForDeploymentPostprocessing = 0;
		};
/* End PBXSourcesBuildPhase section */

/* Begin PBXTargetDependency section */
		DE597DB12BC6C2B6002DFB11 /* PBXTargetDependency */ = {
			isa = PBXTargetDependency;
			target = DE597D9E2BC6C2B5002DFB11 /* nano_1 */;
			targetProxy = DE597DB02BC6C2B6002DFB11 /* PBXContainerItemProxy */;
		};
		DE597DBB2BC6C2B6002DFB11 /* PBXTargetDependency */ = {
			isa = PBXTargetDependency;
			target = DE597D9E2BC6C2B5002DFB11 /* nano_1 */;
			targetProxy = DE597DBA2BC6C2B6002DFB11 /* PBXContainerItemProxy */;
		};
/* End PBXTargetDependency section */

/* Begin XCBuildConfiguration section */
		DE597DC12BC6C2B6002DFB11 /* Debug */ = {
			isa = XCBuildConfiguration;
			buildSettings = {
				ALWAYS_SEARCH_USER_PATHS = NO;
				ASSETCATALOG_COMPILER_GENERATE_SWIFT_ASSET_SYMBOL_EXTENSIONS = YES;
				CLANG_ANALYZER_NONNULL = YES;
				CLANG_ANALYZER_NUMBER_OBJECT_CONVERSION = YES_AGGRESSIVE;
				CLANG_CXX_LANGUAGE_STANDARD = "gnu++20";
				CLANG_ENABLE_MODULES = YES;
				CLANG_ENABLE_OBJC_ARC = YES;
				CLANG_ENABLE_OBJC_WEAK = YES;
				CLANG_WARN_BLOCK_CAPTURE_AUTORELEASING = YES;
				CLANG_WARN_BOOL_CONVERSION = YES;
				CLANG_WARN_COMMA = YES;
				CLANG_WARN_CONSTANT_CONVERSION = YES;
				CLANG_WARN_DEPRECATED_OBJC_IMPLEMENTATIONS = YES;
				CLANG_WARN_DIRECT_OBJC_ISA_USAGE = YES_ERROR;
				CLANG_WARN_DOCUMENTATION_COMMENTS = YES;
				CLANG_WARN_EMPTY_BODY = YES;
				CLANG_WARN_ENUM_CONVERSION = YES;
				CLANG_WARN_INFINITE_RECURSION = YES;
				CLANG_WARN_INT_CONVERSION = YES;
				CLANG_WARN_NON_LITERAL_NULL_CONVERSION = YES;
				CLANG_WARN_OBJC_IMPLICIT_RETAIN_SELF = YES;
				CLANG_WARN_OBJC_LITERAL_CONVERSION = YES;
				CLANG_WARN_OBJC_ROOT_CLASS = YES_ERROR;
				CLANG_WARN_QUOTED_INCLUDE_IN_FRAMEWORK_HEADER = YES;
				CLANG_WARN_RANGE_LOOP_ANALYSIS = YES;
				CLANG_WARN_STRICT_PROTOTYPES = YES;
				CLANG_WARN_SUSPICIOUS_MOVE = YES;
				CLANG_WARN_UNGUARDED_AVAILABILITY = YES_AGGRESSIVE;
				CLANG_WARN_UNREACHABLE_CODE = YES;
				CLANG_WARN__DUPLICATE_METHOD_MATCH = YES;
				COPY_PHASE_STRIP = NO;
				DEBUG_INFORMATION_FORMAT = dwarf;
				ENABLE_STRICT_OBJC_MSGSEND = YES;
				ENABLE_TESTABILITY = YES;
				ENABLE_USER_SCRIPT_SANDBOXING = YES;
				GCC_C_LANGUAGE_STANDARD = gnu17;
				GCC_DYNAMIC_NO_PIC = NO;
				GCC_NO_COMMON_BLOCKS = YES;
				GCC_OPTIMIZATION_LEVEL = 0;
				GCC_PREPROCESSOR_DEFINITIONS = (
					"DEBUG=1",
					"$(inherited)",
				);
				GCC_WARN_64_TO_32_BIT_CONVERSION = YES;
				GCC_WARN_ABOUT_RETURN_TYPE = YES_ERROR;
				GCC_WARN_UNDECLARED_SELECTOR = YES;
				GCC_WARN_UNINITIALIZED_AUTOS = YES_AGGRESSIVE;
				GCC_WARN_UNUSED_FUNCTION = YES;
				GCC_WARN_UNUSED_VARIABLE = YES;
				IPHONEOS_DEPLOYMENT_TARGET = 17.4;
				LOCALIZATION_PREFERS_STRING_CATALOGS = YES;
				MTL_ENABLE_DEBUG_INFO = INCLUDE_SOURCE;
				MTL_FAST_MATH = YES;
				ONLY_ACTIVE_ARCH = YES;
				SDKROOT = iphoneos;
				SWIFT_ACTIVE_COMPILATION_CONDITIONS = "DEBUG $(inherited)";
				SWIFT_OPTIMIZATION_LEVEL = "-Onone";
			};
			name = Debug;
		};
		DE597DC22BC6C2B6002DFB11 /* Release */ = {
			isa = XCBuildConfiguration;
			buildSettings = {
				ALWAYS_SEARCH_USER_PATHS = NO;
				ASSETCATALOG_COMPILER_GENERATE_SWIFT_ASSET_SYMBOL_EXTENSIONS = YES;
				CLANG_ANALYZER_NONNULL = YES;
				CLANG_ANALYZER_NUMBER_OBJECT_CONVERSION = YES_AGGRESSIVE;
				CLANG_CXX_LANGUAGE_STANDARD = "gnu++20";
				CLANG_ENABLE_MODULES = YES;
				CLANG_ENABLE_OBJC_ARC = YES;
				CLANG_ENABLE_OBJC_WEAK = YES;
				CLANG_WARN_BLOCK_CAPTURE_AUTORELEASING = YES;
				CLANG_WARN_BOOL_CONVERSION = YES;
				CLANG_WARN_COMMA = YES;
				CLANG_WARN_CONSTANT_CONVERSION = YES;
				CLANG_WARN_DEPRECATED_OBJC_IMPLEMENTATIONS = YES;
				CLANG_WARN_DIRECT_OBJC_ISA_USAGE = YES_ERROR;
				CLANG_WARN_DOCUMENTATION_COMMENTS = YES;
				CLANG_WARN_EMPTY_BODY = YES;
				CLANG_WARN_ENUM_CONVERSION = YES;
				CLANG_WARN_INFINITE_RECURSION = YES;
				CLANG_WARN_INT_CONVERSION = YES;
				CLANG_WARN_NON_LITERAL_NULL_CONVERSION = YES;
				CLANG_WARN_OBJC_IMPLICIT_RETAIN_SELF = YES;
				CLANG_WARN_OBJC_LITERAL_CONVERSION = YES;
				CLANG_WARN_OBJC_ROOT_CLASS = YES_ERROR;
				CLANG_WARN_QUOTED_INCLUDE_IN_FRAMEWORK_HEADER = YES;
				CLANG_WARN_RANGE_LOOP_ANALYSIS = YES;
				CLANG_WARN_STRICT_PROTOTYPES = YES;
				CLANG_WARN_SUSPICIOUS_MOVE = YES;
				CLANG_WARN_UNGUARDED_AVAILABILITY = YES_AGGRESSIVE;
				CLANG_WARN_UNREACHABLE_CODE = YES;
				CLANG_WARN__DUPLICATE_METHOD_MATCH = YES;
				COPY_PHASE_STRIP = NO;
				DEBUG_INFORMATION_FORMAT = "dwarf-with-dsym";
				ENABLE_NS_ASSERTIONS = NO;
				ENABLE_STRICT_OBJC_MSGSEND = YES;
				ENABLE_USER_SCRIPT_SANDBOXING = YES;
				GCC_C_LANGUAGE_STANDARD = gnu17;
				GCC_NO_COMMON_BLOCKS = YES;
				GCC_WARN_64_TO_32_BIT_CONVERSION = YES;
				GCC_WARN_ABOUT_RETURN_TYPE = YES_ERROR;
				GCC_WARN_UNDECLARED_SELECTOR = YES;
				GCC_WARN_UNINITIALIZED_AUTOS = YES_AGGRESSIVE;
				GCC_WARN_UNUSED_FUNCTION = YES;
				GCC_WARN_UNUSED_VARIABLE = YES;
				IPHONEOS_DEPLOYMENT_TARGET = 17.4;
				LOCALIZATION_PREFERS_STRING_CATALOGS = YES;
				MTL_ENABLE_DEBUG_INFO = NO;
				MTL_FAST_MATH = YES;
				SDKROOT = iphoneos;
				SWIFT_COMPILATION_MODE = wholemodule;
				VALIDATE_PRODUCT = YES;
			};
			name = Release;
		};
		DE597DC42BC6C2B6002DFB11 /* Debug */ = {
			isa = XCBuildConfiguration;
			buildSettings = {
				ASSETCATALOG_COMPILER_APPICON_NAME = AppIcon;
				ASSETCATALOG_COMPILER_GLOBAL_ACCENT_COLOR_NAME = AccentColor;
				CODE_SIGN_STYLE = Automatic;
				CURRENT_PROJECT_VERSION = 1;
				DEVELOPMENT_ASSET_PATHS = "\"nano_1/Preview Content\"";
				ENABLE_PREVIEWS = YES;
				GENERATE_INFOPLIST_FILE = YES;
				INFOPLIST_KEY_UIApplicationSceneManifest_Generation = YES;
				INFOPLIST_KEY_UIApplicationSupportsIndirectInputEvents = YES;
				INFOPLIST_KEY_UILaunchScreen_Generation = YES;
				INFOPLIST_KEY_UISupportedInterfaceOrientations_iPad = "UIInterfaceOrientationPortrait UIInterfaceOrientationPortraitUpsideDown UIInterfaceOrientationLandscapeLeft UIInterfaceOrientationLandscapeRight";
				INFOPLIST_KEY_UISupportedInterfaceOrientations_iPhone = "UIInterfaceOrientationPortrait UIInterfaceOrientationLandscapeLeft UIInterfaceOrientationLandscapeRight";
				LD_RUNPATH_SEARCH_PATHS = (
					"$(inherited)",
					"@executable_path/Frameworks",
				);
				MARKETING_VERSION = 1.0;
				PRODUCT_BUNDLE_IDENTIFIER = "ezzkim.nano-1";
				PRODUCT_NAME = "$(TARGET_NAME)";
				SWIFT_EMIT_LOC_STRINGS = YES;
				SWIFT_VERSION = 5.0;
				TARGETED_DEVICE_FAMILY = "1,2";
			};
			name = Debug;
		};
		DE597DC52BC6C2B6002DFB11 /* Release */ = {
			isa = XCBuildConfiguration;
			buildSettings = {
				ASSETCATALOG_COMPILER_APPICON_NAME = AppIcon;
				ASSETCATALOG_COMPILER_GLOBAL_ACCENT_COLOR_NAME = AccentColor;
				CODE_SIGN_STYLE = Automatic;
				CURRENT_PROJECT_VERSION = 1;
				DEVELOPMENT_ASSET_PATHS = "\"nano_1/Preview Content\"";
				ENABLE_PREVIEWS = YES;
				GENERATE_INFOPLIST_FILE = YES;
				INFOPLIST_KEY_UIApplicationSceneManifest_Generation = YES;
				INFOPLIST_KEY_UIApplicationSupportsIndirectInputEvents = YES;
				INFOPLIST_KEY_UILaunchScreen_Generation = YES;
				INFOPLIST_KEY_UISupportedInterfaceOrientations_iPad = "UIInterfaceOrientationPortrait UIInterfaceOrientationPortraitUpsideDown UIInterfaceOrientationLandscapeLeft UIInterfaceOrientationLandscapeRight";
				INFOPLIST_KEY_UISupportedInterfaceOrientations_iPhone = "UIInterfaceOrientationPortrait UIInterfaceOrientationLandscapeLeft UIInterfaceOrientationLandscapeRight";
				LD_RUNPATH_SEARCH_PATHS = (
					"$(inherited)",
					"@executable_path/Frameworks",
				);
				MARKETING_VERSION = 1.0;
				PRODUCT_BUNDLE_IDENTIFIER = "ezzkim.nano-1";
				PRODUCT_NAME = "$(TARGET_NAME)";
				SWIFT_EMIT_LOC_STRINGS = YES;
				SWIFT_VERSION = 5.0;
				TARGETED_DEVICE_FAMILY = "1,2";
			};
			name = Release;
		};
		DE597DC72BC6C2B6002DFB11 /* Debug */ = {
			isa = XCBuildConfiguration;
			buildSettings = {
				ALWAYS_EMBED_SWIFT_STANDARD_LIBRARIES = YES;
				BUNDLE_LOADER = "$(TEST_HOST)";
				CODE_SIGN_STYLE = Automatic;
				CURRENT_PROJECT_VERSION = 1;
				GENERATE_INFOPLIST_FILE = YES;
				IPHONEOS_DEPLOYMENT_TARGET = 17.4;
				MARKETING_VERSION = 1.0;
				PRODUCT_BUNDLE_IDENTIFIER = "ezzkim.nano-1Tests";
				PRODUCT_NAME = "$(TARGET_NAME)";
				SWIFT_EMIT_LOC_STRINGS = NO;
				SWIFT_VERSION = 5.0;
				TARGETED_DEVICE_FAMILY = "1,2";
				TEST_HOST = "$(BUILT_PRODUCTS_DIR)/nano_1.app/$(BUNDLE_EXECUTABLE_FOLDER_PATH)/nano_1";
			};
			name = Debug;
		};
		DE597DC82BC6C2B6002DFB11 /* Release */ = {
			isa = XCBuildConfiguration;
			buildSettings = {
				ALWAYS_EMBED_SWIFT_STANDARD_LIBRARIES = YES;
				BUNDLE_LOADER = "$(TEST_HOST)";
				CODE_SIGN_STYLE = Automatic;
				CURRENT_PROJECT_VERSION = 1;
				GENERATE_INFOPLIST_FILE = YES;
				IPHONEOS_DEPLOYMENT_TARGET = 17.4;
				MARKETING_VERSION = 1.0;
				PRODUCT_BUNDLE_IDENTIFIER = "ezzkim.nano-1Tests";
				PRODUCT_NAME = "$(TARGET_NAME)";
				SWIFT_EMIT_LOC_STRINGS = NO;
				SWIFT_VERSION = 5.0;
				TARGETED_DEVICE_FAMILY = "1,2";
				TEST_HOST = "$(BUILT_PRODUCTS_DIR)/nano_1.app/$(BUNDLE_EXECUTABLE_FOLDER_PATH)/nano_1";
			};
			name = Release;
		};
		DE597DCA2BC6C2B6002DFB11 /* Debug */ = {
			isa = XCBuildConfiguration;
			buildSettings = {
				ALWAYS_EMBED_SWIFT_STANDARD_LIBRARIES = YES;
				CODE_SIGN_STYLE = Automatic;
				CURRENT_PROJECT_VERSION = 1;
				GENERATE_INFOPLIST_FILE = YES;
				MARKETING_VERSION = 1.0;
				PRODUCT_BUNDLE_IDENTIFIER = "ezzkim.nano-1UITests";
				PRODUCT_NAME = "$(TARGET_NAME)";
				SWIFT_EMIT_LOC_STRINGS = NO;
				SWIFT_VERSION = 5.0;
				TARGETED_DEVICE_FAMILY = "1,2";
				TEST_TARGET_NAME = nano_1;
			};
			name = Debug;
		};
		DE597DCB2BC6C2B6002DFB11 /* Release */ = {
			isa = XCBuildConfiguration;
			buildSettings = {
				ALWAYS_EMBED_SWIFT_STANDARD_LIBRARIES = YES;
				CODE_SIGN_STYLE = Automatic;
				CURRENT_PROJECT_VERSION = 1;
				GENERATE_INFOPLIST_FILE = YES;
				MARKETING_VERSION = 1.0;
				PRODUCT_BUNDLE_IDENTIFIER = "ezzkim.nano-1UITests";
				PRODUCT_NAME = "$(TARGET_NAME)";
				SWIFT_EMIT_LOC_STRINGS = NO;
				SWIFT_VERSION = 5.0;
				TARGETED_DEVICE_FAMILY = "1,2";
				TEST_TARGET_NAME = nano_1;
			};
			name = Release;
		};
/* End XCBuildConfiguration section */

/* Begin XCConfigurationList section */
		DE597D9A2BC6C2B4002DFB11 /* Build configuration list for PBXProject "nano_1" */ = {
			isa = XCConfigurationList;
			buildConfigurations = (
				DE597DC12BC6C2B6002DFB11 /* Debug */,
				DE597DC22BC6C2B6002DFB11 /* Release */,
			);
			defaultConfigurationIsVisible = 0;
			defaultConfigurationName = Release;
		};
		DE597DC32BC6C2B6002DFB11 /* Build configuration list for PBXNativeTarget "nano_1" */ = {
			isa = XCConfigurationList;
			buildConfigurations = (
				DE597DC42BC6C2B6002DFB11 /* Debug */,
				DE597DC52BC6C2B6002DFB11 /* Release */,
			);
			defaultConfigurationIsVisible = 0;
			defaultConfigurationName = Release;
		};
		DE597DC62BC6C2B6002DFB11 /* Build configuration list for PBXNativeTarget "nano_1Tests" */ = {
			isa = XCConfigurationList;
			buildConfigurations = (
				DE597DC72BC6C2B6002DFB11 /* Debug */,
				DE597DC82BC6C2B6002DFB11 /* Release */,
			);
			defaultConfigurationIsVisible = 0;
			defaultConfigurationName = Release;
		};
		DE597DC92BC6C2B6002DFB11 /* Build configuration list for PBXNativeTarget "nano_1UITests" */ = {
			isa = XCConfigurationList;
			buildConfigurations = (
				DE597DCA2BC6C2B6002DFB11 /* Debug */,
				DE597DCB2BC6C2B6002DFB11 /* Release */,
			);
			defaultConfigurationIsVisible = 0;
			defaultConfigurationName = Release;
		};
/* End XCConfigurationList section */

/* Begin XCRemoteSwiftPackageReference section */
		DE9BBC172BD0C78A00C20C49 /* XCRemoteSwiftPackageReference "MCEmojiPicker" */ = {
			isa = XCRemoteSwiftPackageReference;
			repositoryURL = "https://github.com/izyumkin/MCEmojiPicker";
			requirement = {
				kind = upToNextMajorVersion;
				minimumVersion = 1.2.3;
			};
		};
/* End XCRemoteSwiftPackageReference section */

/* Begin XCSwiftPackageProductDependency section */
		DE9BBC182BD0C78A00C20C49 /* MCEmojiPicker */ = {
			isa = XCSwiftPackageProductDependency;
			package = DE9BBC172BD0C78A00C20C49 /* XCRemoteSwiftPackageReference "MCEmojiPicker" */;
			productName = MCEmojiPicker;
		};
/* End XCSwiftPackageProductDependency section */
	};
	rootObject = DE597D972BC6C2B4002DFB11 /* Project object */;
}
